Microsoft Visual Studio Solution File, Format Version 12.00
# Visual Studio Version 17
VisualStudioVersion = 17.5.2.0
MinimumVisualStudioVersion = 10.0.40219.1
Project("{FAE04EC0-301F-11D3-BF4B-00C04F79EFBC}") = "Farmacia", "Farmacia\Farmacia.csproj", "{EC25B768-59A4-495C-41E6-8A1A1712E3A1}"
EndProject
Global
	GlobalSection(SolutionConfigurationPlatforms) = preSolution
		Debug|Any CPU = Debug|Any CPU
		Release|Any CPU = Release|Any CPU
	EndGlobalSection
	GlobalSection(ProjectConfigurationPlatforms) = postSolution
		{EC25B768-59A4-495C-41E6-8A1A1712E3A1}.Debug|Any CPU.ActiveCfg = Debug|Any CPU
		{EC25B768-59A4-495C-41E6-8A1A1712E3A1}.Debug|Any CPU.Build.0 = Debug|Any CPU
		{EC25B768-59A4-495C-41E6-8A1A1712E3A1}.Release|Any CPU.ActiveCfg = Release|Any CPU
		{EC25B768-59A4-495C-41E6-8A1A1712E3A1}.Release|Any CPU.Build.0 = Release|Any CPU
	EndGlobalSection
	GlobalSection(SolutionProperties) = preSolution
		HideSolutionNode = FALSE
	EndGlobalSection
	GlobalSection(ExtensibilityGlobals) = postSolution
		SolutionGuid = {32E34AEA-12A0-4DB6-8CDC-030ABC510855}
	EndGlobalSection
EndGlobal
